
Microsoft Visual Studio Solution File, Format Version 12.00
Project("{FAE04EC0-301F-11D3-BF4B-00C04F79EFBC}") = "Payroll", "Payroll\Payroll.csproj", "{F84046DE-BE99-4F75-A426-458BCC3D433A}"
EndProject
Global
	GlobalSection(SolutionConfigurationPlatforms) = preSolution
		Debug|Any CPU = Debug|Any CPU
		Release|Any CPU = Release|Any CPU
	EndGlobalSection
	GlobalSection(ProjectConfigurationPlatforms) = postSolution
		{F84046DE-BE99-4F75-A426-458BCC3D433A}.Debug|Any CPU.ActiveCfg = Debug|Any CPU
		{F84046DE-BE99-4F75-A426-458BCC3D433A}.Debug|Any CPU.Build.0 = Debug|Any CPU
		{F84046DE-BE99-4F75-A426-458BCC3D433A}.Release|Any CPU.ActiveCfg = Release|Any CPU
		{F84046DE-BE99-4F75-A426-458BCC3D433A}.Release|Any CPU.Build.0 = Release|Any CPU
	EndGlobalSection
EndGlobal
